
Microsoft Visual Studio Solution File, Format Version 12.00
# Visual Studio Version 17
VisualStudioVersion = 17.0.31903.59
MinimumVisualStudioVersion = 10.0.40219.1
Project("{FAE04EC0-301F-11D3-BF4B-00C04F79EFBC}") = "Domain", "Domain\Domain.csproj", "{3F634176-7CFC-4AC8-B618-74B180F23A7B}"
EndProject
Project("{FAE04EC0-301F-11D3-BF4B-00C04F79EFBC}") = "Tests", "Tests\Tests.csproj", "{5859F3A5-978A-4BBB-883A-335FA0AE0A1D}"
EndProject
Global
	GlobalSection(SolutionConfigurationPlatforms) = preSolution
		Debug|Any CPU = Debug|Any CPU
		Release|Any CPU = Release|Any CPU
	EndGlobalSection
	GlobalSection(SolutionProperties) = preSolution
		HideSolutionNode = FALSE
	EndGlobalSection
	GlobalSection(ProjectConfigurationPlatforms) = postSolution
		{3F634176-7CFC-4AC8-B618-74B180F23A7B}.Debug|Any CPU.ActiveCfg = Debug|Any CPU
		{3F634176-7CFC-4AC8-B618-74B180F23A7B}.Debug|Any CPU.Build.0 = Debug|Any CPU
		{3F634176-7CFC-4AC8-B618-74B180F23A7B}.Release|Any CPU.ActiveCfg = Release|Any CPU
		{3F634176-7CFC-4AC8-B618-74B180F23A7B}.Release|Any CPU.Build.0 = Release|Any CPU
		{5859F3A5-978A-4BBB-883A-335FA0AE0A1D}.Debug|Any CPU.ActiveCfg = Debug|Any CPU
		{5859F3A5-978A-4BBB-883A-335FA0AE0A1D}.Debug|Any CPU.Build.0 = Debug|Any CPU
		{5859F3A5-978A-4BBB-883A-335FA0AE0A1D}.Release|Any CPU.ActiveCfg = Release|Any CPU
		{5859F3A5-978A-4BBB-883A-335FA0AE0A1D}.Release|Any CPU.Build.0 = Release|Any CPU
	EndGlobalSection
EndGlobal
